
Microsoft Visual Studio Solution File, Format Version 12.00
# Visual Studio Version 17
VisualStudioVersion = 17.5.002.0
MinimumVisualStudioVersion = 10.0.40219.1
Project("{9A19103F-16F7-4668-BE54-9A1E7A4F7556}") = "Final", "Final\Final.csproj", "{C016C121-A9B4-4879-9FB4-1ADE52CFA9EA}"
EndProject
Project("{9A19103F-16F7-4668-BE54-9A1E7A4F7556}") = "Starter", "Starter\Starter.csproj", "{1C47D4BC-61B8-4FCF-A09F-91343563B53D}"
EndProject
Global
	GlobalSection(SolutionConfigurationPlatforms) = preSolution
		Debug|Any CPU = Debug|Any CPU
		Release|Any CPU = Release|Any CPU
	EndGlobalSection
	GlobalSection(ProjectConfigurationPlatforms) = postSolution
		{C016C121-A9B4-4879-9FB4-1ADE52CFA9EA}.Debug|Any CPU.ActiveCfg = Debug|Any CPU
		{C016C121-A9B4-4879-9FB4-1ADE52CFA9EA}.Debug|Any CPU.Build.0 = Debug|Any CPU
		{C016C121-A9B4-4879-9FB4-1ADE52CFA9EA}.Release|Any CPU.ActiveCfg = Release|Any CPU
		{C016C121-A9B4-4879-9FB4-1ADE52CFA9EA}.Release|Any CPU.Build.0 = Release|Any CPU
		{1C47D4BC-61B8-4FCF-A09F-91343563B53D}.Debug|Any CPU.ActiveCfg = Debug|Any CPU
		{1C47D4BC-61B8-4FCF-A09F-91343563B53D}.Debug|Any CPU.Build.0 = Debug|Any CPU
		{1C47D4BC-61B8-4FCF-A09F-91343563B53D}.Release|Any CPU.ActiveCfg = Release|Any CPU
		{1C47D4BC-61B8-4FCF-A09F-91343563B53D}.Release|Any CPU.Build.0 = Release|Any CPU
	EndGlobalSection
	GlobalSection(SolutionProperties) = preSolution
		HideSolutionNode = FALSE
	EndGlobalSection
	GlobalSection(ExtensibilityGlobals) = postSolution
		SolutionGuid = {4FB81015-B81E-4D96-84E4-DB0C86A6D234}
	EndGlobalSection
EndGlobal
