
Microsoft Visual Studio Solution File, Format Version 12.00
# Visual Studio Version 17
VisualStudioVersion = 17.5.002.0
MinimumVisualStudioVersion = 10.0.40219.1
Project("{9A19103F-16F7-4668-BE54-9A1E7A4F7556}") = "ConvertDatatypes", "ConvertDatatypes.csproj", "{BD9AE407-7DAE-4351-BCD5-9930B2AD73DE}"
EndProject
Global
	GlobalSection(SolutionConfigurationPlatforms) = preSolution
		Debug|Any CPU = Debug|Any CPU
		Release|Any CPU = Release|Any CPU
	EndGlobalSection
	GlobalSection(ProjectConfigurationPlatforms) = postSolution
		{BD9AE407-7DAE-4351-BCD5-9930B2AD73DE}.Debug|Any CPU.ActiveCfg = Debug|Any CPU
		{BD9AE407-7DAE-4351-BCD5-9930B2AD73DE}.Debug|Any CPU.Build.0 = Debug|Any CPU
		{BD9AE407-7DAE-4351-BCD5-9930B2AD73DE}.Release|Any CPU.ActiveCfg = Release|Any CPU
		{BD9AE407-7DAE-4351-BCD5-9930B2AD73DE}.Release|Any CPU.Build.0 = Release|Any CPU
	EndGlobalSection
	GlobalSection(SolutionProperties) = preSolution
		HideSolutionNode = FALSE
	EndGlobalSection
	GlobalSection(ExtensibilityGlobals) = postSolution
		SolutionGuid = {6BADDE47-FDB4-4887-9DEE-2BFD12C11629}
	EndGlobalSection
EndGlobal
