
Microsoft Visual Studio Solution File, Format Version 12.00
# Visual Studio Version 17
VisualStudioVersion = 17.5.002.0
MinimumVisualStudioVersion = 10.0.40219.1
Project("{9A19103F-16F7-4668-BE54-9A1E7A4F7556}") = "Final", "Final\Final.csproj", "{4D313E5D-3DF9-4621-8BB3-0F4CC5920523}"
EndProject
Project("{9A19103F-16F7-4668-BE54-9A1E7A4F7556}") = "Starter", "Starter\Starter.csproj", "{68989AE9-5C28-4679-9F2A-7628B85B71E6}"
EndProject
Global
	GlobalSection(SolutionConfigurationPlatforms) = preSolution
		Debug|Any CPU = Debug|Any CPU
		Release|Any CPU = Release|Any CPU
	EndGlobalSection
	GlobalSection(ProjectConfigurationPlatforms) = postSolution
		{4D313E5D-3DF9-4621-8BB3-0F4CC5920523}.Debug|Any CPU.ActiveCfg = Debug|Any CPU
		{4D313E5D-3DF9-4621-8BB3-0F4CC5920523}.Debug|Any CPU.Build.0 = Debug|Any CPU
		{4D313E5D-3DF9-4621-8BB3-0F4CC5920523}.Release|Any CPU.ActiveCfg = Release|Any CPU
		{4D313E5D-3DF9-4621-8BB3-0F4CC5920523}.Release|Any CPU.Build.0 = Release|Any CPU
		{68989AE9-5C28-4679-9F2A-7628B85B71E6}.Debug|Any CPU.ActiveCfg = Debug|Any CPU
		{68989AE9-5C28-4679-9F2A-7628B85B71E6}.Debug|Any CPU.Build.0 = Debug|Any CPU
		{68989AE9-5C28-4679-9F2A-7628B85B71E6}.Release|Any CPU.ActiveCfg = Release|Any CPU
		{68989AE9-5C28-4679-9F2A-7628B85B71E6}.Release|Any CPU.Build.0 = Release|Any CPU
	EndGlobalSection
	GlobalSection(SolutionProperties) = preSolution
		HideSolutionNode = FALSE
	EndGlobalSection
	GlobalSection(ExtensibilityGlobals) = postSolution
		SolutionGuid = {A7F28E5D-BBC2-4F33-BBBD-0765F9F337E4}
	EndGlobalSection
EndGlobal
