
Microsoft Visual Studio Solution File, Format Version 12.00
# Visual Studio Version 17
VisualStudioVersion = 17.5.002.0
MinimumVisualStudioVersion = 10.0.40219.1
Project("{9A19103F-16F7-4668-BE54-9A1E7A4F7556}") = "Final", "Final\Final.csproj", "{C19C965C-79EE-42C7-9090-3AD7E40FC95A}"
EndProject
Project("{9A19103F-16F7-4668-BE54-9A1E7A4F7556}") = "Starter", "Starter\Starter.csproj", "{1FFD64E6-EE5A-41E0-A452-3864EF0452F7}"
EndProject
Global
	GlobalSection(SolutionConfigurationPlatforms) = preSolution
		Debug|Any CPU = Debug|Any CPU
		Release|Any CPU = Release|Any CPU
	EndGlobalSection
	GlobalSection(ProjectConfigurationPlatforms) = postSolution
		{C19C965C-79EE-42C7-9090-3AD7E40FC95A}.Debug|Any CPU.ActiveCfg = Debug|Any CPU
		{C19C965C-79EE-42C7-9090-3AD7E40FC95A}.Debug|Any CPU.Build.0 = Debug|Any CPU
		{C19C965C-79EE-42C7-9090-3AD7E40FC95A}.Release|Any CPU.ActiveCfg = Release|Any CPU
		{C19C965C-79EE-42C7-9090-3AD7E40FC95A}.Release|Any CPU.Build.0 = Release|Any CPU
		{1FFD64E6-EE5A-41E0-A452-3864EF0452F7}.Debug|Any CPU.ActiveCfg = Debug|Any CPU
		{1FFD64E6-EE5A-41E0-A452-3864EF0452F7}.Debug|Any CPU.Build.0 = Debug|Any CPU
		{1FFD64E6-EE5A-41E0-A452-3864EF0452F7}.Release|Any CPU.ActiveCfg = Release|Any CPU
		{1FFD64E6-EE5A-41E0-A452-3864EF0452F7}.Release|Any CPU.Build.0 = Release|Any CPU
	EndGlobalSection
	GlobalSection(SolutionProperties) = preSolution
		HideSolutionNode = FALSE
	EndGlobalSection
	GlobalSection(ExtensibilityGlobals) = postSolution
		SolutionGuid = {49995F82-165B-4753-B260-33DEFA36E686}
	EndGlobalSection
EndGlobal
