
Microsoft Visual Studio Solution File, Format Version 12.00
# Visual Studio Version 17
VisualStudioVersion = 17.5.002.0
MinimumVisualStudioVersion = 10.0.40219.1
Project("{9A19103F-16F7-4668-BE54-9A1E7A4F7556}") = "Final", "Final\Final.csproj", "{8CE349ED-C6FC-40DC-B26C-4485CBFE1C60}"
EndProject
Project("{9A19103F-16F7-4668-BE54-9A1E7A4F7556}") = "Starter", "Starter\Starter.csproj", "{1A65AAF4-CF41-448F-A0B9-1A5DEC371B7C}"
EndProject
Global
	GlobalSection(SolutionConfigurationPlatforms) = preSolution
		Debug|Any CPU = Debug|Any CPU
		Release|Any CPU = Release|Any CPU
	EndGlobalSection
	GlobalSection(ProjectConfigurationPlatforms) = postSolution
		{8CE349ED-C6FC-40DC-B26C-4485CBFE1C60}.Debug|Any CPU.ActiveCfg = Debug|Any CPU
		{8CE349ED-C6FC-40DC-B26C-4485CBFE1C60}.Debug|Any CPU.Build.0 = Debug|Any CPU
		{8CE349ED-C6FC-40DC-B26C-4485CBFE1C60}.Release|Any CPU.ActiveCfg = Release|Any CPU
		{8CE349ED-C6FC-40DC-B26C-4485CBFE1C60}.Release|Any CPU.Build.0 = Release|Any CPU
		{1A65AAF4-CF41-448F-A0B9-1A5DEC371B7C}.Debug|Any CPU.ActiveCfg = Debug|Any CPU
		{1A65AAF4-CF41-448F-A0B9-1A5DEC371B7C}.Debug|Any CPU.Build.0 = Debug|Any CPU
		{1A65AAF4-CF41-448F-A0B9-1A5DEC371B7C}.Release|Any CPU.ActiveCfg = Release|Any CPU
		{1A65AAF4-CF41-448F-A0B9-1A5DEC371B7C}.Release|Any CPU.Build.0 = Release|Any CPU
	EndGlobalSection
	GlobalSection(SolutionProperties) = preSolution
		HideSolutionNode = FALSE
	EndGlobalSection
	GlobalSection(ExtensibilityGlobals) = postSolution
		SolutionGuid = {BE5B6921-8C3E-4CE9-9BF1-D6038ADD625E}
	EndGlobalSection
EndGlobal
